
Microsoft Visual Studio Solution File, Format Version 12.00
# Visual Studio 2017
Project("{FAE04EC0-301F-11D3-BF4B-00C04F79EFBC}") = "udemy-course-project-1", "udemy-course-project-1.csproj", "{B9F423FB-E0F6-FE7A-BEF9-50BFF8BAA161}"
EndProject
Global
	GlobalSection(SolutionConfigurationPlatforms) = preSolution
		Debug|Any CPU = Debug|Any CPU
		Release|Any CPU = Release|Any CPU
	EndGlobalSection
	GlobalSection(ProjectConfigurationPlatforms) = postSolution
		{B9F423FB-E0F6-FE7A-BEF9-50BFF8BAA161}.Debug|Any CPU.ActiveCfg = Debug|Any CPU
		{B9F423FB-E0F6-FE7A-BEF9-50BFF8BAA161}.Debug|Any CPU.Build.0 = Debug|Any CPU
		{B9F423FB-E0F6-FE7A-BEF9-50BFF8BAA161}.Release|Any CPU.ActiveCfg = Release|Any CPU
		{B9F423FB-E0F6-FE7A-BEF9-50BFF8BAA161}.Release|Any CPU.Build.0 = Release|Any CPU
	EndGlobalSection
	GlobalSection(SolutionProperties) = preSolution
		HideSolutionNode = FALSE
	EndGlobalSection
EndGlobal
